
Microsoft Visual Studio Solution File, Format Version 12.00
# Visual Studio Version 16
VisualStudioVersion = 16.0.29519.87
MinimumVisualStudioVersion = 10.0.40219.1
Project("{FAE04EC0-301F-11D3-BF4B-00C04F79EFBC}") = "BinaryTreeExample", "BinaryTreeExample\BinaryTreeExample.csproj", "{F8F5C061-88B8-4FC6-BEBC-D4A556FB13D1}"
EndProject
Global
	GlobalSection(SolutionConfigurationPlatforms) = preSolution
		Debug|Any CPU = Debug|Any CPU
		Release|Any CPU = Release|Any CPU
	EndGlobalSection
	GlobalSection(ProjectConfigurationPlatforms) = postSolution
		{F8F5C061-88B8-4FC6-BEBC-D4A556FB13D1}.Debug|Any CPU.ActiveCfg = Debug|Any CPU
		{F8F5C061-88B8-4FC6-BEBC-D4A556FB13D1}.Debug|Any CPU.Build.0 = Debug|Any CPU
		{F8F5C061-88B8-4FC6-BEBC-D4A556FB13D1}.Release|Any CPU.ActiveCfg = Release|Any CPU
		{F8F5C061-88B8-4FC6-BEBC-D4A556FB13D1}.Release|Any CPU.Build.0 = Release|Any CPU
	EndGlobalSection
	GlobalSection(SolutionProperties) = preSolution
		HideSolutionNode = FALSE
	EndGlobalSection
	GlobalSection(ExtensibilityGlobals) = postSolution
		SolutionGuid = {3FF11BE8-3AC4-47BD-BD6B-5B360B08D7F5}
	EndGlobalSection
EndGlobal
